{
  "version": 4,
  "terraform_version": "1.9.5",
  "serial": 30,
  "lineage": "56f36d1b-ed11-f6b8-2f1b-0b1913d21766",
  "outputs": {
    "conteudo": {
      "value": "Olá Mundo, teste",
      "type": "string"
    },
    "data-source-result": {
      "value": {
        "content": "Olá Mundo, teste",
        "content_base64": "T2zDoSBNdW5kbywgdGVzdGU=",
        "content_base64sha256": "F9JUQ78lGemXQmWUSsPtXdRG7tE/+CO0e6JOy7s08Lo=",
        "content_base64sha512": "h3akUoFVBs/uXTOqzgyvEQwmuoLuq4BcgQaWLJKycoUVjQvjNXgePdjuqyPTiXPYkGdGgrfMwWHxPnTDF7AUDg==",
        "content_md5": "32c8e16eb48d9ebeca7381997194a3ef",
        "content_sha1": "08b68a2671076633de0cb024efb40096bcaba798",
        "content_sha256": "17d25443bf2519e9974265944ac3ed5dd446eed13ff823b47ba24ecbbb34f0ba",
        "content_sha512": "8776a452815506cfee5d33aace0caf110c26ba82eeab805c8106962c92b27285158d0be335781e3dd8eeab23d38973d890674682b7ccc161f13e74c317b0140e",
        "filename": "exemplo.txt",
        "id": "08b68a2671076633de0cb024efb40096bcaba798"
      },
      "type": [
        "object",
        {
          "content": "string",
          "content_base64": "string",
          "content_base64sha256": "string",
          "content_base64sha512": "string",
          "content_md5": "string",
          "content_sha1": "string",
          "content_sha256": "string",
          "content_sha512": "string",
          "filename": "string",
          "id": "string"
        }
      ]
    },
    "id-do-arquivo": {
      "value": "08b68a2671076633de0cb024efb40096bcaba798",
      "type": "string"
    }
  },
  "resources": [
    {
      "mode": "data",
      "type": "local_file",
      "name": "conteudo-exemplo",
      "provider": "provider[\"registry.terraform.io/hashicorp/local\"]",
      "instances": [
        {
          "schema_version": 0,
          "attributes": {
            "content": "Olá Mundo, teste",
            "content_base64": "T2zDoSBNdW5kbywgdGVzdGU=",
            "content_base64sha256": "F9JUQ78lGemXQmWUSsPtXdRG7tE/+CO0e6JOy7s08Lo=",
            "content_base64sha512": "h3akUoFVBs/uXTOqzgyvEQwmuoLuq4BcgQaWLJKycoUVjQvjNXgePdjuqyPTiXPYkGdGgrfMwWHxPnTDF7AUDg==",
            "content_md5": "32c8e16eb48d9ebeca7381997194a3ef",
            "content_sha1": "08b68a2671076633de0cb024efb40096bcaba798",
            "content_sha256": "17d25443bf2519e9974265944ac3ed5dd446eed13ff823b47ba24ecbbb34f0ba",
            "content_sha512": "8776a452815506cfee5d33aace0caf110c26ba82eeab805c8106962c92b27285158d0be335781e3dd8eeab23d38973d890674682b7ccc161f13e74c317b0140e",
            "filename": "exemplo.txt",
            "id": "08b68a2671076633de0cb024efb40096bcaba798"
          },
          "sensitive_attributes": []
        }
      ]
    },
    {
      "mode": "managed",
      "type": "local_file",
      "name": "exemplo",
      "provider": "provider[\"registry.terraform.io/hashicorp/local\"]",
      "instances": [
        {
          "schema_version": 0,
          "attributes": {
            "content": "Olá Mundo, teste",
            "content_base64": null,
            "content_base64sha256": "F9JUQ78lGemXQmWUSsPtXdRG7tE/+CO0e6JOy7s08Lo=",
            "content_base64sha512": "h3akUoFVBs/uXTOqzgyvEQwmuoLuq4BcgQaWLJKycoUVjQvjNXgePdjuqyPTiXPYkGdGgrfMwWHxPnTDF7AUDg==",
            "content_md5": "32c8e16eb48d9ebeca7381997194a3ef",
            "content_sha1": "08b68a2671076633de0cb024efb40096bcaba798",
            "content_sha256": "17d25443bf2519e9974265944ac3ed5dd446eed13ff823b47ba24ecbbb34f0ba",
            "content_sha512": "8776a452815506cfee5d33aace0caf110c26ba82eeab805c8106962c92b27285158d0be335781e3dd8eeab23d38973d890674682b7ccc161f13e74c317b0140e",
            "directory_permission": "0777",
            "file_permission": "0777",
            "filename": "exemplo.txt",
            "id": "08b68a2671076633de0cb024efb40096bcaba798",
            "sensitive_content": null,
            "source": null
          },
          "sensitive_attributes": [
            [
              {
                "type": "get_attr",
                "value": "sensitive_content"
              }
            ]
          ]
        }
      ]
    }
  ],
  "check_results": null
}
